# This file is generated by running "yarn install" inside your project.
# Manual changes might be lost - proceed with caution!

__metadata:
  version: 4

"@babel/code-frame@npm:^7.0.0":
  version: 7.8.3
  resolution: "@babel/code-frame@npm:7.8.3"
  dependencies:
    "@babel/highlight": ^7.8.3
  checksum: d57fde42b4403e78c783112564c3a83a2618834ff1aebf90226825171862aea4b24e4b750a2ca2b22f23a3216e1601df2c720c8f0e5041e81033b6f77a2a21d8
  languageName: node
  linkType: hard

"@babel/highlight@npm:^7.8.3":
  version: 7.8.3
  resolution: "@babel/highlight@npm:7.8.3"
  dependencies:
    chalk: ^2.0.0
    esutils: ^2.0.2
    js-tokens: ^4.0.0
  checksum: 45074f1f6a9d79d3af6c6d20bd08cf2fa139bba6db0ad9224cba8835b4c49dc385c77e249f8a83ffa7a1bda3d72a382ba0e789e39a5ea8c5531cc35e06db2de4
  languageName: node
  linkType: hard

"@babel/runtime@npm:^7.6.3":
  version: 7.8.4
  resolution: "@babel/runtime@npm:7.8.4"
  dependencies:
    regenerator-runtime: ^0.13.2
  checksum: 30d4b6587664a1d76e7a93612fde694cc28d3b101a9bcec9c1dc58599f95659294eec07ccf86a60b611dd700bafb4b50e26e39f0e7d7327f032dd07febed240d
  languageName: node
  linkType: hard

"@samverschueren/stream-to-observable@npm:^0.3.0":
  version: 0.3.0
  resolution: "@samverschueren/stream-to-observable@npm:0.3.0"
  dependencies:
    any-observable: ^0.3.0
  checksum: daad75039c13f058d89f0d1648998ca69a16fe8d05e5e2c057845d828de90b37ca496216c8810df08756d95570a833c425983ced7f4fbd80c5ec55c6f3f9e5dd
  languageName: node
  linkType: hard

"@types/color-name@npm:^1.1.1":
  version: 1.1.1
  resolution: "@types/color-name@npm:1.1.1"
  checksum: da161751cf550d06d01c7969b9b332fc83727d18410ad7d01c86899b14845dd2f180789f79701fa9826f193aa72ec0f25c6a21ffc81059d57b9c186ff319242d
  languageName: node
  linkType: hard

"@types/parse-json@npm:^4.0.0":
  version: 4.0.0
  resolution: "@types/parse-json@npm:4.0.0"
  checksum: cfe9ef67ebe0f7d7852530bc97a2c329b8b039ec4d0b248bbd67146d07fb2ffd65f4c45a298db92bfd7e11b31599ab9785e1a97282e18258344fd370160ad787
  languageName: node
  linkType: hard

"ansi-escapes@npm:^3.0.0":
  version: 3.2.0
  resolution: "ansi-escapes@npm:3.2.0"
  checksum: b83171596ee4875dabfbbfd3adc2570a57720fb034c5239120c81176be3b58081cb5c624cb661b95109ad4677e23c9da1a0e13fde2bd83d72149d1dde68f0192
  languageName: node
  linkType: hard

"ansi-regex@npm:^2.0.0":
  version: 2.1.1
  resolution: "ansi-regex@npm:2.1.1"
  checksum: 166a4be3a94bbab82de8cc32f3833f14b3648e3274c081a1ba76ed4e6c9d9a7453ae93867518625c8a23dbb585a4a9ef424be122bb1300fc152e8e26027f0740
  languageName: node
  linkType: hard

"ansi-regex@npm:^3.0.0":
  version: 3.0.0
  resolution: "ansi-regex@npm:3.0.0"
  checksum: 8bb91d5a72509b4930774afcbb086c6dda4c31c5557a89ff6b29dddb7830204b7835e7e035970652a2e7b8ace0f06001890a1d826b330c731715387db959004e
  languageName: node
  linkType: hard

"ansi-styles@npm:^2.2.1":
  version: 2.2.1
  resolution: "ansi-styles@npm:2.2.1"
  checksum: 692cd0bf0d8f141fd219dc1d8f1fe93e0de96017f0f4ce4c6890d6f0985290988d394d9b74768a9b45e923c6bc29eff9f7de92dff4d964125b19c3276c655df7
  languageName: node
  linkType: hard

"ansi-styles@npm:^3.2.1":
  version: 3.2.1
  resolution: "ansi-styles@npm:3.2.1"
  dependencies:
    color-convert: ^1.9.0
  checksum: 6f99bc6ac278aa5c51543d30aeaeab2b6c3de468d1a23504c1e818283680d0f310bb49a59162bc1b0b81e9b5f2dfa60326791a02b82e5d7cf6803e5b922ea142
  languageName: node
  linkType: hard

"ansi-styles@npm:^4.1.0":
  version: 4.2.1
  resolution: "ansi-styles@npm:4.2.1"
  dependencies:
    "@types/color-name": ^1.1.1
    color-convert: ^2.0.1
  checksum: a5dc6539f0428013cc3873deed8f32cf1f3dda7db48364d52796b5ed8aa9f6754042c711f9c7029b9104c172949d208efc54141f5b29118638cdadf13f7b0122
  languageName: node
  linkType: hard

"any-observable@npm:^0.3.0":
  version: 0.3.0
  resolution: "any-observable@npm:0.3.0"
  checksum: 34649932ea09b53301b55d27926a27a053f2e9c26b4c9d9502a90c673a2f4c5c3b0afa365b787f9ab7517f6a572d672d84ce3574067e63da3c596163ee890b0b
  languageName: node
  linkType: hard

"braces@npm:^3.0.1":
  version: 3.0.2
  resolution: "braces@npm:3.0.2"
  dependencies:
    fill-range: ^7.0.1
  checksum: 54b4fe3c8e9f1a8ebce1754c79bc9fc662fa54bb86696ca35614a958040df2f837134daa6da93961adb207c9533ccddcd5fcd223800fe54c09423f351d361e54
  languageName: node
  linkType: hard

"callsites@npm:^3.0.0":
  version: 3.1.0
  resolution: "callsites@npm:3.1.0"
  checksum: 539341e948410059e2f8ff927127e718ab58c36026cb84a1b0967defff6d2be0b072a985b75853112016a4f09d94f222d0d9f70e6b622bd2e34e5d9de3f26315
  languageName: node
  linkType: hard

"chalk@npm:^1.0.0, chalk@npm:^1.1.3":
  version: 1.1.3
  resolution: "chalk@npm:1.1.3"
  dependencies:
    ansi-styles: ^2.2.1
    escape-string-regexp: ^1.0.2
    has-ansi: ^2.0.0
    strip-ansi: ^3.0.0
    supports-color: ^2.0.0
  checksum: a64f7174f2ecacbec390514d3e545662965cbe3aaad5c242308ed2317b5e3e4286bc305d25782e132cb1935598979388b0d7f4ddf940c7f9b4ae03af9a19eb44
  languageName: node
  linkType: hard

"chalk@npm:^2.0.0, chalk@npm:^2.4.1, chalk@npm:^2.4.2":
  version: 2.4.2
  resolution: "chalk@npm:2.4.2"
  dependencies:
    ansi-styles: ^3.2.1
    escape-string-regexp: ^1.0.5
    supports-color: ^5.3.0
  checksum: 06d1d94779a0e08fe03ef15676ae30e973d7269017d3b1e6d06a3bb81e70a3a6b0c26d5743e94b4dfc21a852884306759b8b8c4fe98d72204ed678413beb21f3
  languageName: node
  linkType: hard

"chalk@npm:^3.0.0":
  version: 3.0.0
  resolution: "chalk@npm:3.0.0"
  dependencies:
    ansi-styles: ^4.1.0
    supports-color: ^7.1.0
  checksum: 366bfad255e1ee49a8944a434c94772195d206f2fdd0d132b2a4aab199c4f7ff696312522735613c0a92d69a1afda70c0284a0a9612234ce8034b19be83b6543
  languageName: node
  linkType: hard

"cli-cursor@npm:^2.0.0, cli-cursor@npm:^2.1.0":
  version: 2.1.0
  resolution: "cli-cursor@npm:2.1.0"
  dependencies:
    restore-cursor: ^2.0.0
  checksum: 6255aa0561a1b29497d3e619b90ee8f40b421c12b7467832a52010520c303cde8840e71d6f73647174789a93fdd645f2158d8c2b72e6dc0d4e47a9038ae383fe
  languageName: node
  linkType: hard

"cli-truncate@npm:^0.2.1":
  version: 0.2.1
  resolution: "cli-truncate@npm:0.2.1"
  dependencies:
    slice-ansi: 0.0.4
    string-width: ^1.0.1
  checksum: f89fdc55213687887aa5b3c9b9f7ebbac9f78be50df4e95d17bd97354fcacbdd8bc54b72692bb5eb101151c63fa5f6d953220f1553b9ca25beffd3b1eec0f4a0
  languageName: node
  linkType: hard

"code-point-at@npm:^1.0.0":
  version: 1.1.0
  resolution: "code-point-at@npm:1.1.0"
  checksum: c0a50074d39d0051356938df5ffd5e2c1cb3e054fc883bfbec32e48a6ee6630db0aa8cc1cc86482b255abefa38140ae72542dd8fa6af8d946a618a17c0e00f55
  languageName: node
  linkType: hard

"color-convert@npm:^1.9.0":
  version: 1.9.3
  resolution: "color-convert@npm:1.9.3"
  dependencies:
    color-name: 1.1.3
  checksum: 3162a5f034dea55c0ebb3a152e1b8cdf926a9bbada4f6c5eefd7b750810edc019dade72285f669d738cfb07375e17ba2171d22475ab85652b8b7dcf1cf0cc6f1
  languageName: node
  linkType: hard

"color-convert@npm:^2.0.1":
  version: 2.0.1
  resolution: "color-convert@npm:2.0.1"
  dependencies:
    color-name: ~1.1.4
  checksum: bc4adfdbb1e3a3353aa56adbe1e0f50085a63c0296b31c30bc4500daf49f9fe21248d6078e2236832840e0dea8c7ce2c0d6e783e04bc0c31fc9d230f166891b6
  languageName: node
  linkType: hard

"color-name@npm:1.1.3":
  version: 1.1.3
  resolution: "color-name@npm:1.1.3"
  checksum: ad6a0e4beb3232906aeba6213234071ca26f463ac748feb897725cbd0f420a0e71962f9627566afc4716e63455f88a35641342302b8d130402cbbea8f6bf8e1e
  languageName: node
  linkType: hard

"color-name@npm:~1.1.4":
  version: 1.1.4
  resolution: "color-name@npm:1.1.4"
  checksum: 43b24807a5b89efc7ac953fbac98a18e79b09b0bd610f45525eb79ca33e1c6230497027a30dc437448b9c719989fc0c328f75b8b61e2345700e99d1e643a6633
  languageName: node
  linkType: hard

"commander@npm:^4.0.1":
  version: 4.1.0
  resolution: "commander@npm:4.1.0"
  checksum: d81eae746664233a1371e2783e36374ffd319fc8c977433b2f27074c1eed2ca64c0709875f8009ba640d348f672d39bbfa826d101f51b1b040e9445d682d40c1
  languageName: node
  linkType: hard

"cosmiconfig@npm:^6.0.0":
  version: 6.0.0
  resolution: "cosmiconfig@npm:6.0.0"
  dependencies:
    "@types/parse-json": ^4.0.0
    import-fresh: ^3.1.0
    parse-json: ^5.0.0
    path-type: ^4.0.0
    yaml: ^1.7.2
  checksum: 178639583f8982d4d7d12abc0fa90a1d78604260970ae01a20e84d2a334a76bd7a189ce3736d80af3c1c56841aaae144170b565d0334c03d40da1be8ee9f7d72
  languageName: node
  linkType: hard

"cross-spawn@npm:^7.0.0":
  version: 7.0.1
  resolution: "cross-spawn@npm:7.0.1"
  dependencies:
    path-key: ^3.1.0
    shebang-command: ^2.0.0
    which: ^2.0.1
  checksum: 63d23ab6119e61fd9fc1c008b7e03bd59282962978dc3bd83f227203c35007bbfe83cd329b1a50393e5f655c2de1236eab59c2a715977ae7784d596f1b119540
  languageName: node
  linkType: hard

"date-fns@npm:^1.27.2":
  version: 1.30.1
  resolution: "date-fns@npm:1.30.1"
  checksum: b9081c5951c55c1d088aaed3e94629cbadb973ae46f2b9b7ba3ebb6bcac0813ce12162e4deaec8b8710e71eb2622bc86ded007ae3901d2f0e2e931c420db6c85
  languageName: node
  linkType: hard

"debug@npm:^4.1.1":
  version: 4.1.1
  resolution: "debug@npm:4.1.1"
  dependencies:
    ms: ^2.1.1
  checksum: e3bfa1544ced80ac5764aa313530150af442e5ce53f91090f00e3aff33a8b535ce60a7502d1451b3cbc2b9cd6994b3a08a38fbd3ff7a2ec801ad79d8b457b8e8
  languageName: node
  linkType: hard

"dedent@npm:^0.7.0":
  version: 0.7.0
  resolution: "dedent@npm:0.7.0"
  checksum: b080568e7bd6cc0edd43f7dad691b54458a8ad6cb29f0ed5c94ad65518da3387f6c60c1f29fa3b1d3aecc6c0153b3c7ac363ab2ddb4f32e628470a4a41d740f1
  languageName: node
  linkType: hard

"elegant-spinner@npm:^1.0.1":
  version: 1.0.1
  resolution: "elegant-spinner@npm:1.0.1"
  checksum: 24a8c6b11d765c3cde34f8c351d05563c0c4c6d4739597788a1d0fb2ad7cf30fccba43d2ec43108bc173730dec08d19fdef4608f2ec7ca5e44f923d25ab312d1
  languageName: node
  linkType: hard

"end-of-stream@npm:^1.1.0":
  version: 1.4.4
  resolution: "end-of-stream@npm:1.4.4"
  dependencies:
    once: ^1.4.0
  checksum: a25dcd0d559363e7c63cce300e4224473fc5f8bf8d363c0b81c6b61b4773358463bac99dfd0b7146e79ebce591cd92fd608720325436cd3b6b31eacc9e9e859b
  languageName: node
  linkType: hard

"error-ex@npm:^1.3.1":
  version: 1.3.2
  resolution: "error-ex@npm:1.3.2"
  dependencies:
    is-arrayish: ^0.2.1
  checksum: 5bd07df02c20deee8adf70e535f3e95ff5ce8da2af3fce68a7e9f4a2fc0ad7610112a4f4bf012a4b5edd18c008f59a7acceeca1f7a47ac6ab7fef376a0f05d1d
  languageName: node
  linkType: hard

"escape-string-regexp@npm:^1.0.2, escape-string-regexp@npm:^1.0.5":
  version: 1.0.5
  resolution: "escape-string-regexp@npm:1.0.5"
  checksum: 31da9adff9694f7b63c0542462267656e1d4dcac66a91551781d1ad2554d6641685ff812acc717cd467676af57be458a466d34b086e900354b38dde8724c8046
  languageName: node
  linkType: hard

"esutils@npm:^2.0.2":
  version: 2.0.3
  resolution: "esutils@npm:2.0.3"
  checksum: 03ee97b57d062884ec31397f1d771ad999b56abd56d1fff56b29f8c61ccabde47adb36e3eaa357318de085252fda2cbc8f82c60fd07b2fd02e2e1c6c3e689052
  languageName: node
  linkType: hard

"execa@npm:^3.4.0":
  version: 3.4.0
  resolution: "execa@npm:3.4.0"
  dependencies:
    cross-spawn: ^7.0.0
    get-stream: ^5.0.0
    human-signals: ^1.1.1
    is-stream: ^2.0.0
    merge-stream: ^2.0.0
    npm-run-path: ^4.0.0
    onetime: ^5.1.0
    p-finally: ^2.0.0
    signal-exit: ^3.0.2
    strip-final-newline: ^2.0.0
  checksum: 8f8ed8fe048f6b7263f92dd55a82d08c035098a184d3a63455106666fc96d80139b5acabd78a383fa9d10a0d48b1d25c1576e1a937b7e5b563e680940e5e72f5
  languageName: node
  linkType: hard

"figures@npm:^1.7.0":
  version: 1.7.0
  resolution: "figures@npm:1.7.0"
  dependencies:
    escape-string-regexp: ^1.0.5
    object-assign: ^4.1.0
  checksum: f36ed52337c1143961a06c8436d4226a3829343c68dd939c28240d626c190f5bd19c45238733d4e497281bdfd43e30f4bf7d0eba4fb5500097ab842b2a504cf4
  languageName: node
  linkType: hard

"figures@npm:^2.0.0":
  version: 2.0.0
  resolution: "figures@npm:2.0.0"
  dependencies:
    escape-string-regexp: ^1.0.5
  checksum: dd246b0e0f38ccd191f8aca2e923844a8c8157433eb863ca0dad12cba6f8ff59bdc6a3f15875aa2c8a684e221ff83d65982e095c3e00cad12986a5c0f59ea324
  languageName: node
  linkType: hard

"fill-range@npm:^7.0.1":
  version: 7.0.1
  resolution: "fill-range@npm:7.0.1"
  dependencies:
    to-regex-range: ^5.0.1
  checksum: 24b3351f8180dc31f2e5742bb13402d58f99cd8fce36d0668f8e1eaa1dd80754fc5d965a2abb98eb75ff6a91cb1e351608601cf34b930fdf50202d61dc047c3a
  languageName: node
  linkType: hard

"get-own-enumerable-property-symbols@npm:^3.0.0":
  version: 3.0.2
  resolution: "get-own-enumerable-property-symbols@npm:3.0.2"
  checksum: d20852864608d8bd3023428fe66091ec90081fe49bd34b3db2d0ce7f0968147da7f7c424d2b8ad8c6a599f6e9de4e60663d906a4324b0705c14d01c98c8aeb28
  languageName: node
  linkType: hard

"get-stream@npm:^5.0.0":
  version: 5.1.0
  resolution: "get-stream@npm:5.1.0"
  dependencies:
    pump: ^3.0.0
  checksum: 9e198e0e6d85dbb9d56a2b43d66bcc9717eb15df667fd6c817a431565d1477fd4579e6f975c97622fed9e1b2cfbc389515683b62b6b816b4ce29afc4f4b8871b
  languageName: node
  linkType: hard

"has-ansi@npm:^2.0.0":
  version: 2.0.0
  resolution: "has-ansi@npm:2.0.0"
  dependencies:
    ansi-regex: ^2.0.0
  checksum: 8473b02173f6c5a7fc2c80906bfb2497cc9117dbcf6d8357734d044815bc923ac29bc6f12658f77bc472a83fe983bfe7d34975b3fa5051158ed0b3e3c31fc4a0
  languageName: node
  linkType: hard

"has-flag@npm:^3.0.0":
  version: 3.0.0
  resolution: "has-flag@npm:3.0.0"
  checksum: c69624d2a38d77d4d715b40932cd55635426d75c7c0e72a609a67b4d251905517ca6d1ff6f69ee3b0cfa95a39b31e25af9e3fe04f46b092699ea5f26371d14ab
  languageName: node
  linkType: hard

"has-flag@npm:^4.0.0":
  version: 4.0.0
  resolution: "has-flag@npm:4.0.0"
  checksum: 8c9a32ef47dfc77c5caf80a0e33a2d921414006ce954047d2274a8774e07cd916f2dd546aed7d89017504cb3fe66248dabb64f9c5bd893520cdd4c81e95d1198
  languageName: node
  linkType: hard

"human-signals@npm:^1.1.1":
  version: 1.1.1
  resolution: "human-signals@npm:1.1.1"
  checksum: dcc9d938faf9dc23bfc2937ed692eaff42688d2fff172ec4514dd7439bd17338348d69fafaae26b9ae0285ed49595090ed8d8d0f2e5228f1607b9a53a667f9f4
  languageName: node
  linkType: hard

"import-fresh@npm:^3.1.0":
  version: 3.2.1
  resolution: "import-fresh@npm:3.2.1"
  dependencies:
    parent-module: ^1.0.0
    resolve-from: ^4.0.0
  checksum: f837512456d4e238bce99a06792e26dc646fb4ffb0c4f9563bbaf44e24d2e1749ff7e748bea9faea7239fe079c406d7aa090d2326051c5f07d00b17e4269957b
  languageName: node
  linkType: hard

"indent-string@npm:^3.0.0":
  version: 3.2.0
  resolution: "indent-string@npm:3.2.0"
  checksum: 63f50cebb4ba0f8d21f720117846727ec1874995d5b2f5db0657fe4af369d28f54d6368ec7349db66398d74745ec7067e4d79a9217c6165fa9f0686675aa0b81
  languageName: node
  linkType: hard

"is-arrayish@npm:^0.2.1":
  version: 0.2.1
  resolution: "is-arrayish@npm:0.2.1"
  checksum: 6a48ba019c21e4f305a8cfb28e898e6908bd97f8868f1529214df1d2c6db2d462df7497e514094c9d90ab04492b675b8e04d63e26b43624cf07bd54ba20fbc34
  languageName: node
  linkType: hard

"is-fullwidth-code-point@npm:^1.0.0":
  version: 1.0.0
  resolution: "is-fullwidth-code-point@npm:1.0.0"
  dependencies:
    number-is-nan: ^1.0.0
  checksum: 7e50f3c2e21617a7dde049a2cfecd22cd85c57f3a05a8a216785c4196926867a6dd85ff6d035cc3f1210853edd01f01a480aa4ce183d73c4cccc1b396e4fbea4
  languageName: node
  linkType: hard

"is-fullwidth-code-point@npm:^2.0.0":
  version: 2.0.0
  resolution: "is-fullwidth-code-point@npm:2.0.0"
  checksum: ab96662efbb49a1e33dd59bdf1451e913c69bf407daae26e2ad6f64458bcbb1b5d5a91b1d95c690540da00f7183e53d7a0b81b9d494073e85e7bd75410a6f358
  languageName: node
  linkType: hard

"is-number@npm:^7.0.0":
  version: 7.0.0
  resolution: "is-number@npm:7.0.0"
  checksum: e65c149a8501b2cc8906a39cb0ba9e29c1ad87530a4d8c8b3ba0f3fedebedc4e98d7b6e733da0c4216e7b89b43aa23b05656480a6cd8cfc4a2d2b95ab4d1c178
  languageName: node
  linkType: hard

"is-obj@npm:^1.0.1":
  version: 1.0.1
  resolution: "is-obj@npm:1.0.1"
  checksum: 5afa862481308704f9864921ab61ab17f9b91d8381bb3c99ccc276f058322ac51927b4f8a513b0a3620e7e608e882ce4ed095692e71af73eb6ab1e71429766b8
  languageName: node
  linkType: hard

"is-observable@npm:^1.1.0":
  version: 1.1.0
  resolution: "is-observable@npm:1.1.0"
  dependencies:
    symbol-observable: ^1.1.0
  checksum: aeed293d1eafafa8b5586ba2f88f12c27639d7982952ceecabeed5539602fda370bbffa68cdb44d4e74b2631ebe4d5ed56d7dbb8046cf057702a322b0e6f8c33
  languageName: node
  linkType: hard

"is-promise@npm:^2.1.0":
  version: 2.1.0
  resolution: "is-promise@npm:2.1.0"
  checksum: 5d8010452af2aa38bf5e2984e8cb4f6e4a718fcecbd497357e02527f5448281a6095480615b333a14a79fa52212ac6eb60f20f83416a5a83c1380e025c99019e
  languageName: node
  linkType: hard

"is-regexp@npm:^1.0.0":
  version: 1.0.0
  resolution: "is-regexp@npm:1.0.0"
  checksum: bdc3d3ddfac855f67e6216a1b40800ab8355c9426d443167b2372a666e903e4c36adbb4e5cf151bbeed3aa0a25445840df14ab8c52a46a4afabfd4c271a37e81
  languageName: node
  linkType: hard

"is-stream@npm:^1.1.0":
  version: 1.1.0
  resolution: "is-stream@npm:1.1.0"
  checksum: 0c43bc68eb748e970e6df1163a52ce9ec37bfa4c0161557b4524d640ac414934c74427ae8f49c91f55c7fac807f4407a0eb5c7b24ac0b9e78f203aa706bc4cfa
  languageName: node
  linkType: hard

"is-stream@npm:^2.0.0":
  version: 2.0.0
  resolution: "is-stream@npm:2.0.0"
  checksum: ebcbbbbecc4b86c383e9f8e261d0efc8924e44dc5bd2962d78f49775ac9af2fa317eaf207814c1e553940b244ff0c58f9720e9d3c62a82bf114836a5bb6f50b9
  languageName: node
  linkType: hard

"isexe@npm:^2.0.0":
  version: 2.0.0
  resolution: "isexe@npm:2.0.0"
  checksum: 1f6f7ccf6206a544097e27f04018fbd4fdb45d71eadac305d4b60cc18668d35c970d3c0bfadc4b348dd603d5536496a5634dd5f64792ea5e745c62cbc0ce9730
  languageName: node
  linkType: hard

"js-tokens@npm:^4.0.0":
  version: 4.0.0
  resolution: "js-tokens@npm:4.0.0"
  checksum: b6b6b65a47500e55103e5ed962133b9c999dd14f00c49494b109e0379482d030ae0db629b870af4f9023991b21a3055749653fb836736f9c2a76046399e8d84a
  languageName: node
  linkType: hard

"json-parse-better-errors@npm:^1.0.1":
  version: 1.0.2
  resolution: "json-parse-better-errors@npm:1.0.2"
  checksum: 7f5a35dfe844b8b5a4fb03e6c1838e6678d6b2c30e65746d73ca4c58ed7d3a9e3a77b83be7c6df56193606a654eb5b6e808ea594ee62a2db3985ef1a89aee7e3
  languageName: node
  linkType: hard

"lines-and-columns@npm:^1.1.6":
  version: 1.1.6
  resolution: "lines-and-columns@npm:1.1.6"
  checksum: c8d7ade783f649bc18d5c7aa97bb93d53b76709a18d15cb3c29c84ea57cabc8a13ec96b012960cadeb3120c7b2fe86951881d0a246809bff154efce419309208
  languageName: node
  linkType: hard

"lint-staged@npm:^10.0.7":
  version: 10.0.7
  resolution: "lint-staged@npm:10.0.7"
  dependencies:
    chalk: ^3.0.0
    commander: ^4.0.1
    cosmiconfig: ^6.0.0
    debug: ^4.1.1
    dedent: ^0.7.0
    execa: ^3.4.0
    listr: ^0.14.3
    log-symbols: ^3.0.0
    micromatch: ^4.0.2
    normalize-path: ^3.0.0
    please-upgrade-node: ^3.2.0
    string-argv: 0.3.1
    stringify-object: ^3.3.0
  bin:
    lint-staged: bin/lint-staged.js
  checksum: 29f85a46ee322fd830262f9456d2c81f9a92ae8ca3dacbc6816d6bdc3d71dd5a2d7c127acb6f449e6a3a4a0114bb1528d082bf5f3f5d0bc4c5fc54de5dc09c69
  languageName: node
  linkType: hard

"listr-silent-renderer@npm:^1.1.1":
  version: 1.1.1
  resolution: "listr-silent-renderer@npm:1.1.1"
  checksum: a4afdeca63d60abe54ca5d6e6fb253a3ddc73c21a0bd239bb0e7ef95084bc14431341c6d5e29a1f24d9eadb00c788c96bf07488fc639b94eaea8a1e2cb58d9ef
  languageName: node
  linkType: hard

"listr-update-renderer@npm:^0.5.0":
  version: 0.5.0
  resolution: "listr-update-renderer@npm:0.5.0"
  dependencies:
    chalk: ^1.1.3
    cli-truncate: ^0.2.1
    elegant-spinner: ^1.0.1
    figures: ^1.7.0
    indent-string: ^3.0.0
    log-symbols: ^1.0.2
    log-update: ^2.3.0
    strip-ansi: ^3.0.1
  peerDependencies:
    listr: ^0.14.2
  checksum: 0446a01284f6f32a8190ed8d67712bfae6009580d2d6f8eb98d9e01c7d26beb7a096bef3a4c2192e7d3369569c589a9f47903a8a3ff0af610ca6dd87331da281
  languageName: node
  linkType: hard

"listr-verbose-renderer@npm:^0.5.0":
  version: 0.5.0
  resolution: "listr-verbose-renderer@npm:0.5.0"
  dependencies:
    chalk: ^2.4.1
    cli-cursor: ^2.1.0
    date-fns: ^1.27.2
    figures: ^2.0.0
  checksum: 7d9cb05eba87606434f4f9b1de755647e9bb1057894f27c89a391e00d56466389a34ceb745361daf07f31ec7cab36bd3d5fca5df4c6e12dca8f703d9f4e1f542
  languageName: node
  linkType: hard

"listr@npm:0.14.3, listr@npm:^0.14.3":
  version: 0.14.3
  resolution: "listr@npm:0.14.3"
  dependencies:
    "@samverschueren/stream-to-observable": ^0.3.0
    is-observable: ^1.1.0
    is-promise: ^2.1.0
    is-stream: ^1.1.0
    listr-silent-renderer: ^1.1.1
    listr-update-renderer: ^0.5.0
    listr-verbose-renderer: ^0.5.0
    p-map: ^2.0.0
    rxjs: ^6.3.3
  checksum: a25fabbb40f6e56ef9f4206504fcccad58aac6c72c5c5c502c4cc524320b84f202b899121e3a9f812ccf9342060e19a3a1a1bf68353d2f85055aee1aa80c1f60
  languageName: node
  linkType: hard

"log-symbols@npm:^1.0.2":
  version: 1.0.2
  resolution: "log-symbols@npm:1.0.2"
  dependencies:
    chalk: ^1.0.0
  checksum: 56750af3a7b0500750a3dae096d2afb00852d998569eff38e3532aa0180e131c66c7b32f5a8da63dbd82339d9f3e5352d9c989d44025b8be42aac950660821f4
  languageName: node
  linkType: hard

"log-symbols@npm:^3.0.0":
  version: 3.0.0
  resolution: "log-symbols@npm:3.0.0"
  dependencies:
    chalk: ^2.4.2
  checksum: 7a1c645813ce4627f812e658459edbf1f0316e22c04c0506e47eece9db0cec0a3f15099407eb75de15d57343505d51d1b79c4d2b0847149f1c070d18b2f33df5
  languageName: node
  linkType: hard

"log-update@npm:^2.3.0":
  version: 2.3.0
  resolution: "log-update@npm:2.3.0"
  dependencies:
    ansi-escapes: ^3.0.0
    cli-cursor: ^2.0.0
    wrap-ansi: ^3.0.1
  checksum: 9740028fb2a2448146b7b4b54f19151016c3be8a8d11269347a92784341e6cda07fa259389a114c0404f48552057b0e9324140c473eba06d9d63a1aeafcb2256
  languageName: node
  linkType: hard

"merge-stream@npm:^2.0.0":
  version: 2.0.0
  resolution: "merge-stream@npm:2.0.0"
  checksum: 6901f822a92122dee1cece545b235fdf040494ec64ea11a36bac4d074e9feabc84ce2679ec5fc9c9b47b875e7d588ed405f09d51448581634bc82c4d106e2d87
  languageName: node
  linkType: hard

"micromatch@npm:^4.0.2":
  version: 4.0.2
  resolution: "micromatch@npm:4.0.2"
  dependencies:
    braces: ^3.0.1
    picomatch: ^2.0.5
  checksum: b1d0aa38e74bbd99ef769a364327324f1c58ef38de729532cbdb4ff1fb0d47f012f4284745bc3fad69a9939ee5edae48611953b18ae0efa0a0b1c63fae56a2a8
  languageName: node
  linkType: hard

"mimic-fn@npm:^1.0.0":
  version: 1.2.0
  resolution: "mimic-fn@npm:1.2.0"
  checksum: c207185575da12b8f36c670b860774ca84fcdf6372c0910c4890b1f802deb06286d748137fb2136f93979ced92e70bdb1c1921b58681eb0053cb8d8d35982450
  languageName: node
  linkType: hard

"mimic-fn@npm:^2.1.0":
  version: 2.1.0
  resolution: "mimic-fn@npm:2.1.0"
  checksum: ea88331af3a84feca9a6763ff09ea8504daf040e876b47311460b54576233d5dea6aa94fe7b617987709d9a40bd5cbf89281b01a346de9510dfae569e3b1cb12
  languageName: node
  linkType: hard

"ms@npm:^2.1.1":
  version: 2.1.2
  resolution: "ms@npm:2.1.2"
  checksum: 2a3d955e5199024d4b18630ff47c21b52703a5e892615ae233486b8108f26b5493736009754263eebae765ab79d6e20327dad6e52d7843b689d404245e286549
  languageName: node
  linkType: hard

"normalize-path@npm:^3.0.0":
  version: 3.0.0
  resolution: "normalize-path@npm:3.0.0"
  checksum: 73bb886e24509977706086359ee2b822b8a21bea96376f41332797a9a0c0ef5107f610584c90532bdd9206c54d7bfecbb55c34261f33e05dbb3603a45e78c54b
  languageName: node
  linkType: hard

"npm-run-path@npm:^4.0.0":
  version: 4.0.1
  resolution: "npm-run-path@npm:4.0.1"
  dependencies:
    path-key: ^3.0.0
  checksum: 0c7556614803243a3bbd4b4f12702be03fc7db94f4d4f18d6b0ff0de37669728543a50b2d84bdadb6401f4f3586f381c547adbd284fc996c6822c2ad6da1d176
  languageName: node
  linkType: hard

"number-is-nan@npm:^1.0.0":
  version: 1.0.1
  resolution: "number-is-nan@npm:1.0.1"
  checksum: 57477f268f33135ab7765730d4411957f128765259b7281b403384d174ef45bb4d82421a74e8e233fa3913f1c0d9a8be1671f1b4d35947b6eb51e8ab7639a888
  languageName: node
  linkType: hard

"object-assign@npm:^4.1.0":
  version: 4.1.1
  resolution: "object-assign@npm:4.1.1"
  checksum: 8a281400d57a8880141ceb4335061b17e2d21405b2d5909e3fd71948d6b10f366c65d71a62aac27a0e45754a5e467bcc3f6ff78f26a929948d751b582b46d14e
  languageName: node
  linkType: hard

"once@npm:^1.3.1, once@npm:^1.4.0":
  version: 1.4.0
  resolution: "once@npm:1.4.0"
  dependencies:
    wrappy: 1
  checksum: 47a04404e9aa3a209a7e536b199780fe75aba04df0a035b221285f2f703d0ab58286ffb402ff7cb5a3b894d0e86685eb4fc2766ce7a19555c14221437f248c03
  languageName: node
  linkType: hard

"onetime@npm:^2.0.0":
  version: 2.0.1
  resolution: "onetime@npm:2.0.1"
  dependencies:
    mimic-fn: ^1.0.0
  checksum: a4a107223d916ef52a94ea4691d6f2c19b506cec7921fb24a1ee051c582c6a7e19ff1722651913b621aa27d10e48b6febf5673fb97b11b48a8a02c2b7514f70d
  languageName: node
  linkType: hard

"onetime@npm:^5.1.0":
  version: 5.1.0
  resolution: "onetime@npm:5.1.0"
  dependencies:
    mimic-fn: ^2.1.0
  checksum: 8b6d13a682dad07803113570aa78a082881f5b8754f8fedffe154e15c58e1565cd43d15683f2897d8fad8ee254c3400e8190e4f992511e405ff8b8ad3e6978bc
  languageName: node
  linkType: hard

"p-finally@npm:^2.0.0":
  version: 2.0.1
  resolution: "p-finally@npm:2.0.1"
  checksum: 5cfd585a6913b124d08faa7fd746262b91eb70d6161c299f7900f4a0dfa692c04b070fc020b857560b6ba1fb4633b44a5a32eb8aa3fec7e9277a27f95dd3b9f9
  languageName: node
  linkType: hard

"p-map@npm:^2.0.0":
  version: 2.1.0
  resolution: "p-map@npm:2.1.0"
  checksum: 43112a4e92d25bf936c7f40d6c70f91a2248d81828ac92bb773de28ab7b2b14284d9842cd2922d169d3416f4cc876898166a71ae748adefba43a47bb71d54a43
  languageName: node
  linkType: hard

"parent-module@npm:^1.0.0":
  version: 1.0.1
  resolution: "parent-module@npm:1.0.1"
  dependencies:
    callsites: ^3.0.0
  checksum: e907b3f9e1fb2de30e18e66890b5d0e147e7057cae91bd0a9ff6898ec0ed00d9c3bbfc2badbaa5c83cc44020b981789fad2b6a403976ad0ce988ff5dcb1bd9e6
  languageName: node
  linkType: hard

"parse-json@npm:^5.0.0":
  version: 5.0.0
  resolution: "parse-json@npm:5.0.0"
  dependencies:
    "@babel/code-frame": ^7.0.0
    error-ex: ^1.3.1
    json-parse-better-errors: ^1.0.1
    lines-and-columns: ^1.1.6
  checksum: 6b3152b29627fc6e877cd3896a9401005ffdf1659bf13ce9aab6300b0cc54d088615a3b09128886e3bdfc8b80c03eb969ce7e934e1e09d870f72ec12da4d9101
  languageName: node
  linkType: hard

"path-key@npm:^3.0.0, path-key@npm:^3.1.0":
  version: 3.1.1
  resolution: "path-key@npm:3.1.1"
  checksum: 322112a1aaf5fd2bbfd0a402b63de03663202507321a41b7b89dd371f0549ed0ca1058eb69f0a10ab1f3df9bd7c1908e1733fa7bbdfbbadb631ce2518a8dc07d
  languageName: node
  linkType: hard

"path-type@npm:^4.0.0":
  version: 4.0.0
  resolution: "path-type@npm:4.0.0"
  checksum: 2b11a18b110715261f17bb450bf8e87d2a45bb41762b52658c1301fe89524be49b1bde75635ddfbfe7289d90ea59f46acfbdd2776d55f195ce393af59c0668b5
  languageName: node
  linkType: hard

"picomatch@npm:^2.0.5":
  version: 2.2.1
  resolution: "picomatch@npm:2.2.1"
  checksum: 82f1d485c24c075cc1a74af224372aac18d52099cde80bf07cf92ee19999bdc3fd4fafc070b36e52464d82bc892fd961b138f341707477ab1b2ba7421ada0f3c
  languageName: node
  linkType: hard

"please-upgrade-node@npm:^3.2.0":
  version: 3.2.0
  resolution: "please-upgrade-node@npm:3.2.0"
  dependencies:
    semver-compare: ^1.0.0
  checksum: 98ab999492f8b08f397513f3e03734562c2a2c11353bbfc1ee7133fc3c517e03e21fa71447d25e005a6dcbccbbc3676a83e94f5609594f09d74f34c5f1bea440
  languageName: node
  linkType: hard

"pump@npm:^3.0.0":
  version: 3.0.0
  resolution: "pump@npm:3.0.0"
  dependencies:
    end-of-stream: ^1.1.0
    once: ^1.3.1
  checksum: 09633ba0f0d3d09f68afa6d7ad46e05e4860ec0549d9e55a87baa28fca048c3b87d1debdf1b3fac9bbbd21cdb0c3e11c527cb63471569cf88bcc0daeb466b32e
  languageName: node
  linkType: hard

"regenerator-runtime@npm:^0.13.2":
  version: 0.13.3
  resolution: "regenerator-runtime@npm:0.13.3"
  checksum: 5cdb1fa2138076bb00b2a54e221e18a3f289f22012fbf0f7c9e72a055160bcd9cae51c7b455673135eb42337dc7ce5d79d430ec4a5aee3ebdd58feba198f6601
  languageName: node
  linkType: hard

"resolve-from@npm:^4.0.0":
  version: 4.0.0
  resolution: "resolve-from@npm:4.0.0"
  checksum: fdaf0f40e1a0a11dc81dfb1e6b5fa73f77c04860cd5f00f448768ec30247a0195b4ab09f7eb6c4cad1f272f2290451c02bec27bd001df321d78c5654a81912b7
  languageName: node
  linkType: hard

"restore-cursor@npm:^2.0.0":
  version: 2.0.0
  resolution: "restore-cursor@npm:2.0.0"
  dependencies:
    onetime: ^2.0.0
    signal-exit: ^3.0.2
  checksum: 82ab491d209dee60fbd3bdf68068adcb95b275cd7a33e851f7f64c669d4793fa2d6e1cc7211dda82f228d9d1187432c2918ea4886165af58a6db72f10f13770f
  languageName: node
  linkType: hard

"rxjs@npm:^6.3.3":
  version: 6.5.4
  resolution: "rxjs@npm:6.5.4"
  dependencies:
    tslib: ^1.9.0
  checksum: 97f27923771f4391f43b73cb8694c461b3a24e19c690c010ee87bc72df2708735d3981d8f2726a19d9c27411dfa8529a4137b0ba74cc821ba2fd3a788097e696
  languageName: node
  linkType: hard

"semver-compare@npm:^1.0.0":
  version: 1.0.0
  resolution: "semver-compare@npm:1.0.0"
  checksum: 4a104329613bc3831c1163258755150221a7d5d5e3115537c3f41c7f0611b7768b39516f3df1871dc5d61ef4f0330386b378e7fe017ff2251697621b0c7b956d
  languageName: node
  linkType: hard

"shebang-command@npm:^2.0.0":
  version: 2.0.0
  resolution: "shebang-command@npm:2.0.0"
  dependencies:
    shebang-regex: ^3.0.0
  checksum: 5437785e820d8b773354d4c8f3fa025a05f48ac24ed6c7a211419dadf485d8819caed717e1cffd97340cb8918f88e7b3658da2b750d04eb4983cdcf29c448844
  languageName: node
  linkType: hard

"shebang-regex@npm:^3.0.0":
  version: 3.0.0
  resolution: "shebang-regex@npm:3.0.0"
  checksum: 236bf0fe778807ea55e15179b0abfbd14c4a2990ddaf9abcdd7b9e8b3638eac803ddbdd66c5f6c87bb916f81a8d2d22d093588b59a5d4c0fb67bd33bd1fe6a3b
  languageName: node
  linkType: hard

"signal-exit@npm:^3.0.2":
  version: 3.0.2
  resolution: "signal-exit@npm:3.0.2"
  checksum: b3d9a5567188a680bdb67fb996c2ffe49dfb1db5295d4e55e34ce77ca8e7a9f3f81672b71279fed5dcb2057afd133a5a7d5bd4de4652a8714c668460900f183c
  languageName: node
  linkType: hard

"slice-ansi@npm:0.0.4":
  version: 0.0.4
  resolution: "slice-ansi@npm:0.0.4"
  checksum: af8fb5ba532f5da778716f3dc19b8b379921da99cc8e8f11f758e56c638e601a3b1950ae618c7e5c50efe02aabd37e7d43dd7e1227907a55245477506e6f2214
  languageName: node
  linkType: hard

"string-argv@npm:0.3.1":
  version: 0.3.1
  resolution: "string-argv@npm:0.3.1"
  checksum: 3840d120af40b1328807410a557cbc1dd0dbc3088d58f3ff155e41a7434e182cf3731d52a9e38a3312381dd227a2836e5e1cea60fa8cf3528253d48908eb1b51
  languageName: node
  linkType: hard

"string-width@npm:^1.0.1":
  version: 1.0.2
  resolution: "string-width@npm:1.0.2"
  dependencies:
    code-point-at: ^1.0.0
    is-fullwidth-code-point: ^1.0.0
    strip-ansi: ^3.0.0
  checksum: 8acab10b985f1a207f8a6b4689502ea3c9c96e2908774d662169aa8c4bd831f77bf41176fbb86d3d0df5dc997106774e37550e8da878ce6fd8445102afec88bf
  languageName: node
  linkType: hard

"string-width@npm:^2.1.1":
  version: 2.1.1
  resolution: "string-width@npm:2.1.1"
  dependencies:
    is-fullwidth-code-point: ^2.0.0
    strip-ansi: ^4.0.0
  checksum: 0c8d175d8414245688a2ea59bdd600760c7efdaf99571708ce9171a82d3da8bfd2056fb4cd1aca40e6d9854945270a501fedff59fcd1aabaef2eefcdfea1d9ce
  languageName: node
  linkType: hard

"stringify-object@npm:^3.3.0":
  version: 3.3.0
  resolution: "stringify-object@npm:3.3.0"
  dependencies:
    get-own-enumerable-property-symbols: ^3.0.0
    is-obj: ^1.0.1
    is-regexp: ^1.0.0
  checksum: 9a8e9659a180ac349565889bda3464c0542c100729a0a6066b9e25e148c1a3beceeba22e2620fb88ec04fd499919506837094756e928fb6237224802bc1c9a31
  languageName: node
  linkType: hard

"strip-ansi@npm:^3.0.0, strip-ansi@npm:^3.0.1":
  version: 3.0.1
  resolution: "strip-ansi@npm:3.0.1"
  dependencies:
    ansi-regex: ^2.0.0
  checksum: 2919e07ae8a9634c111913cc20c6c619109c754108b8d8777ecc92ff999ca1adc84b32a51efd6e6a19168de38b06359d3b31fd1906d905731f3065cc2f9de5d7
  languageName: node
  linkType: hard

"strip-ansi@npm:^4.0.0":
  version: 4.0.0
  resolution: "strip-ansi@npm:4.0.0"
  dependencies:
    ansi-regex: ^3.0.0
  checksum: 65d6d40d63adccbf03deeb2919a303ea571933ce3dc463087745da3f5a7c14caa30a2776c3ea2b941c220abf7d4acd8e9922fd4335d5988508ddadbf1aa9d94a
  languageName: node
  linkType: hard

"strip-final-newline@npm:^2.0.0":
  version: 2.0.0
  resolution: "strip-final-newline@npm:2.0.0"
  checksum: a4c4e68051a6980805f86838fe92ad4913d005c44f498a3589affb291d232bd33b31fab9294ff5ca23299d839ec05b555e92cf824d8b36077e601327e188d4e1
  languageName: node
  linkType: hard

"supports-color@npm:^2.0.0":
  version: 2.0.0
  resolution: "supports-color@npm:2.0.0"
  checksum: da6ddb4aac2fe5e095a1fdc293010d50ac86cfb41b84e5d82087cbc38f66a8ac106a5abfe80eb54e1e959d21a941df7b7dd9f3e999752465827ff80d7f5f3606
  languageName: node
  linkType: hard

"supports-color@npm:^5.3.0":
  version: 5.5.0
  resolution: "supports-color@npm:5.5.0"
  dependencies:
    has-flag: ^3.0.0
  checksum: a67b9f6071d9b1aa9f7744292580af0ad2210e379534f7e2ab31d3248de5efc8a3555655827bf524f18043f6301061fbe59e13d2e8a9bc11cde4ec885ad3d86c
  languageName: node
  linkType: hard

"supports-color@npm:^7.1.0":
  version: 7.1.0
  resolution: "supports-color@npm:7.1.0"
  dependencies:
    has-flag: ^4.0.0
  checksum: 932a1d07cd46dc7c5b189e18bf9cba4484cc331a23befbfdffe908576b67d83f5e9313cca093cdc72f807b50f89edb60d8b1befd42db4718e2b7c704a289da66
  languageName: node
  linkType: hard

"symbol-observable@npm:^1.1.0":
  version: 1.2.0
  resolution: "symbol-observable@npm:1.2.0"
  checksum: b033c8d6fa245a68b421b891b2fe07a9459274593405250918c7aea7ce4e991a94b1491bae1b68a8d90bd05c35a2f6862258b97334931df13850fe4daa0b2999
  languageName: node
  linkType: hard

"test-lint-staged-berry@workspace:.":
  version: 0.0.0-use.local
  resolution: "test-lint-staged-berry@workspace:."
  dependencies:
    lint-staged: ^10.0.7
  languageName: unknown
  linkType: soft

"to-regex-range@npm:^5.0.1":
  version: 5.0.1
  resolution: "to-regex-range@npm:5.0.1"
  dependencies:
    is-number: ^7.0.0
  checksum: c873633ac227e4793dd5bbcc14d6e9e4d8e8915dc8dc7b6682ae393cd37d39fb113797cf4dce61863c5bb65d69c48597171d25f867139e00865b1990ff825dfe
  languageName: node
  linkType: hard

"tslib@npm:^1.9.0":
  version: 1.10.0
  resolution: "tslib@npm:1.10.0"
  checksum: 626387669b38797372530d84df93dafcc0eca2b3bad31b109c7308b2e8d9c4ed0ba94113eb08a6946aa1fbee3b619fb69dd81f8681654bbc806cf8f208caeb47
  languageName: node
  linkType: hard

"which@npm:^2.0.1":
  version: 2.0.2
  resolution: "which@npm:2.0.2"
  dependencies:
    isexe: ^2.0.0
  bin:
    node-which: ./bin/node-which
  checksum: de4ba341f6f2e70ac599323e299969e5a0bda825837e830a7dff14847fa3d67cb72daebae00e68e82ee7837d753635ee504eb615cd3b75e5e9578106bc02ac2f
  languageName: node
  linkType: hard

"wrap-ansi@npm:^3.0.1":
  version: 3.0.1
  resolution: "wrap-ansi@npm:3.0.1"
  dependencies:
    string-width: ^2.1.1
    strip-ansi: ^4.0.0
  checksum: 74fd6c893a72c0931c563c33406cdbc00d6ba5ff9bd7b1fcea64742f45835ce326bbffe1ea17e84b156669d0cfa9c9db30bffe11fee60d629226075a93c3e154
  languageName: node
  linkType: hard

"wrappy@npm:1":
  version: 1.0.2
  resolution: "wrappy@npm:1.0.2"
  checksum: 0796da084f06bced2351fed9686a7211f4a4b774a7a3b64c7ead1b3bef162b1721f2a1d3fb1268bf2e848c9d743eca189c2a243159a1512d5dfab4b0d4dd60b5
  languageName: node
  linkType: hard

"yaml@npm:^1.7.2":
  version: 1.7.2
  resolution: "yaml@npm:1.7.2"
  dependencies:
    "@babel/runtime": ^7.6.3
  checksum: da4a4934a50c9e434219ccd009021cbcc7ba13a17763e37a75ccb43aacbf7bd90216d9bb44f3b0b0214c6a8885848adf7d2370f5016196bebe9cb82e4e1d4d67
  languageName: node
  linkType: hard
